{
  "name": "gitflow-practice",
  "version": "1.0.0",
  "lockfileVersion": 2,
  "requires": true,
  "packages": {
    "": {
      "name": "gitflow-practice",
      "version": "1.0.0",
      "license": "ISC",
      "dependencies": {
        "ahooks": "^3.5.2",
        "react": "^18.2.0"
      }
    },
    "node_modules/@types/js-cookie": {
      "version": "2.2.7",
      "resolved": "https://registry.npmjs.org/@types/js-cookie/-/js-cookie-2.2.7.tgz",
      "integrity": "sha512-aLkWa0C0vO5b4Sr798E26QgOkss68Un0bLjs7u9qxzPT5CG+8DuNTffWES58YzJs3hrVAOs1wonycqEBqNJubA=="
    },
    "node_modules/ahooks": {
      "version": "3.5.2",
      "resolved": "https://registry.npmjs.org/ahooks/-/ahooks-3.5.2.tgz",
      "integrity": "sha512-0OrV3/9s339comBg/F+d9Q7lhZERZK3K5f1J8ebK3z076Kc4KkeGc1MLalFRG+95nVA0wUCZ71oJMs66fIU2Uw==",
      "dependencies": {
        "@types/js-cookie": "^2.x.x",
        "ahooks-v3-count": "^1.0.0",
        "dayjs": "^1.9.1",
        "intersection-observer": "^0.12.0",
        "js-cookie": "^2.x.x",
        "lodash": "^4.17.21",
        "resize-observer-polyfill": "^1.5.1",
        "screenfull": "^5.0.0"
      },
      "engines": {
        "node": ">=8.0.0"
      },
      "peerDependencies": {
        "react": "^16.8.0 || ^17.0.0 || ^18.0.0"
      }
    },
    "node_modules/ahooks-v3-count": {
      "version": "1.0.0",
      "resolved": "https://registry.npmjs.org/ahooks-v3-count/-/ahooks-v3-count-1.0.0.tgz",
      "integrity": "sha512-V7uUvAwnimu6eh/PED4mCDjE7tokeZQLKlxg9lCTMPhN+NjsSbtdacByVlR1oluXQzD3MOw55wylDmQo4+S9ZQ=="
    },
    "node_modules/dayjs": {
      "version": "1.11.4",
      "resolved": "https://registry.npmjs.org/dayjs/-/dayjs-1.11.4.tgz",
      "integrity": "sha512-Zj/lPM5hOvQ1Bf7uAvewDaUcsJoI6JmNqmHhHl3nyumwe0XHwt8sWdOVAPACJzCebL8gQCi+K49w7iKWnGwX9g=="
    },
    "node_modules/intersection-observer": {
      "version": "0.12.2",
      "resolved": "https://registry.npmjs.org/intersection-observer/-/intersection-observer-0.12.2.tgz",
      "integrity": "sha512-7m1vEcPCxXYI8HqnL8CKI6siDyD+eIWSwgB3DZA+ZTogxk9I4CDnj4wilt9x/+/QbHI4YG5YZNmC6458/e9Ktg=="
    },
    "node_modules/js-cookie": {
      "version": "2.2.1",
      "resolved": "https://registry.npmjs.org/js-cookie/-/js-cookie-2.2.1.tgz",
      "integrity": "sha512-HvdH2LzI/EAZcUwA8+0nKNtWHqS+ZmijLA30RwZA0bo7ToCckjK5MkGhjED9KoRcXO6BaGI3I9UIzSA1FKFPOQ=="
    },
    "node_modules/js-tokens": {
      "version": "4.0.0",
      "resolved": "https://registry.npmjs.org/js-tokens/-/js-tokens-4.0.0.tgz",
      "integrity": "sha512-RdJUflcE3cUzKiMqQgsCu06FPu9UdIJO0beYbPhHN4k6apgJtifcoCtT9bcxOpYBtpD2kCM6Sbzg4CausW/PKQ=="
    },
    "node_modules/lodash": {
      "version": "4.17.21",
      "resolved": "https://registry.npmjs.org/lodash/-/lodash-4.17.21.tgz",
      "integrity": "sha512-v2kDEe57lecTulaDIuNTPy3Ry4gLGJ6Z1O3vE1krgXZNrsQ+LFTGHVxVjcXPs17LhbZVGedAJv8XZ1tvj5FvSg=="
    },
    "node_modules/loose-envify": {
      "version": "1.4.0",
      "resolved": "https://registry.npmjs.org/loose-envify/-/loose-envify-1.4.0.tgz",
      "integrity": "sha512-lyuxPGr/Wfhrlem2CL/UcnUc1zcqKAImBDzukY7Y5F/yQiNdko6+fRLevlw1HgMySw7f611UIY408EtxRSoK3Q==",
      "dependencies": {
        "js-tokens": "^3.0.0 || ^4.0.0"
      },
      "bin": {
        "loose-envify": "cli.js"
      }
    },
    "node_modules/react": {
      "version": "18.2.0",
      "resolved": "https://registry.npmjs.org/react/-/react-18.2.0.tgz",
      "integrity": "sha512-/3IjMdb2L9QbBdWiW5e3P2/npwMBaU9mHCSCUzNln0ZCYbcfTsGbTJrU/kGemdH2IWmB2ioZ+zkxtmq6g09fGQ==",
      "dependencies": {
        "loose-envify": "^1.1.0"
      },
      "engines": {
        "node": ">=0.10.0"
      }
    },
    "node_modules/resize-observer-polyfill": {
      "version": "1.5.1",
      "resolved": "https://registry.npmjs.org/resize-observer-polyfill/-/resize-observer-polyfill-1.5.1.tgz",
      "integrity": "sha512-LwZrotdHOo12nQuZlHEmtuXdqGoOD0OhaxopaNFxWzInpEgaLWoVuAMbTzixuosCx2nEG58ngzW3vxdWoxIgdg=="
    },
    "node_modules/screenfull": {
      "version": "5.2.0",
      "resolved": "https://registry.npmjs.org/screenfull/-/screenfull-5.2.0.tgz",
      "integrity": "sha512-9BakfsO2aUQN2K9Fdbj87RJIEZ82Q9IGim7FqM5OsebfoFC6ZHXgDq/KvniuLTPdeM8wY2o6Dj3WQ7KeQCj3cA==",
      "engines": {
        "node": ">=0.10.0"
      },
      "funding": {
        "url": "https://github.com/sponsors/sindresorhus"
      }
    }
  },
  "dependencies": {
    "@types/js-cookie": {
      "version": "2.2.7",
      "resolved": "https://registry.npmjs.org/@types/js-cookie/-/js-cookie-2.2.7.tgz",
      "integrity": "sha512-aLkWa0C0vO5b4Sr798E26QgOkss68Un0bLjs7u9qxzPT5CG+8DuNTffWES58YzJs3hrVAOs1wonycqEBqNJubA=="
    },
    "ahooks": {
      "version": "3.5.2",
      "resolved": "https://registry.npmjs.org/ahooks/-/ahooks-3.5.2.tgz",
      "integrity": "sha512-0OrV3/9s339comBg/F+d9Q7lhZERZK3K5f1J8ebK3z076Kc4KkeGc1MLalFRG+95nVA0wUCZ71oJMs66fIU2Uw==",
      "requires": {
        "@types/js-cookie": "^2.x.x",
        "ahooks-v3-count": "^1.0.0",
        "dayjs": "^1.9.1",
        "intersection-observer": "^0.12.0",
        "js-cookie": "^2.x.x",
        "lodash": "^4.17.21",
        "resize-observer-polyfill": "^1.5.1",
        "screenfull": "^5.0.0"
      }
    },
    "ahooks-v3-count": {
      "version": "1.0.0",
      "resolved": "https://registry.npmjs.org/ahooks-v3-count/-/ahooks-v3-count-1.0.0.tgz",
      "integrity": "sha512-V7uUvAwnimu6eh/PED4mCDjE7tokeZQLKlxg9lCTMPhN+NjsSbtdacByVlR1oluXQzD3MOw55wylDmQo4+S9ZQ=="
    },
    "dayjs": {
      "version": "1.11.4",
      "resolved": "https://registry.npmjs.org/dayjs/-/dayjs-1.11.4.tgz",
      "integrity": "sha512-Zj/lPM5hOvQ1Bf7uAvewDaUcsJoI6JmNqmHhHl3nyumwe0XHwt8sWdOVAPACJzCebL8gQCi+K49w7iKWnGwX9g=="
    },
    "intersection-observer": {
      "version": "0.12.2",
      "resolved": "https://registry.npmjs.org/intersection-observer/-/intersection-observer-0.12.2.tgz",
      "integrity": "sha512-7m1vEcPCxXYI8HqnL8CKI6siDyD+eIWSwgB3DZA+ZTogxk9I4CDnj4wilt9x/+/QbHI4YG5YZNmC6458/e9Ktg=="
    },
    "js-cookie": {
      "version": "2.2.1",
      "resolved": "https://registry.npmjs.org/js-cookie/-/js-cookie-2.2.1.tgz",
      "integrity": "sha512-HvdH2LzI/EAZcUwA8+0nKNtWHqS+ZmijLA30RwZA0bo7ToCckjK5MkGhjED9KoRcXO6BaGI3I9UIzSA1FKFPOQ=="
    },
    "js-tokens": {
      "version": "4.0.0",
      "resolved": "https://registry.npmjs.org/js-tokens/-/js-tokens-4.0.0.tgz",
      "integrity": "sha512-RdJUflcE3cUzKiMqQgsCu06FPu9UdIJO0beYbPhHN4k6apgJtifcoCtT9bcxOpYBtpD2kCM6Sbzg4CausW/PKQ=="
    },
    "lodash": {
      "version": "4.17.21",
      "resolved": "https://registry.npmjs.org/lodash/-/lodash-4.17.21.tgz",
      "integrity": "sha512-v2kDEe57lecTulaDIuNTPy3Ry4gLGJ6Z1O3vE1krgXZNrsQ+LFTGHVxVjcXPs17LhbZVGedAJv8XZ1tvj5FvSg=="
    },
    "loose-envify": {
      "version": "1.4.0",
      "resolved": "https://registry.npmjs.org/loose-envify/-/loose-envify-1.4.0.tgz",
      "integrity": "sha512-lyuxPGr/Wfhrlem2CL/UcnUc1zcqKAImBDzukY7Y5F/yQiNdko6+fRLevlw1HgMySw7f611UIY408EtxRSoK3Q==",
      "requires": {
        "js-tokens": "^3.0.0 || ^4.0.0"
      }
    },
    "react": {
      "version": "18.2.0",
      "resolved": "https://registry.npmjs.org/react/-/react-18.2.0.tgz",
      "integrity": "sha512-/3IjMdb2L9QbBdWiW5e3P2/npwMBaU9mHCSCUzNln0ZCYbcfTsGbTJrU/kGemdH2IWmB2ioZ+zkxtmq6g09fGQ==",
      "requires": {
        "loose-envify": "^1.1.0"
      }
    },
    "resize-observer-polyfill": {
      "version": "1.5.1",
      "resolved": "https://registry.npmjs.org/resize-observer-polyfill/-/resize-observer-polyfill-1.5.1.tgz",
      "integrity": "sha512-LwZrotdHOo12nQuZlHEmtuXdqGoOD0OhaxopaNFxWzInpEgaLWoVuAMbTzixuosCx2nEG58ngzW3vxdWoxIgdg=="
    },
    "screenfull": {
      "version": "5.2.0",
      "resolved": "https://registry.npmjs.org/screenfull/-/screenfull-5.2.0.tgz",
      "integrity": "sha512-9BakfsO2aUQN2K9Fdbj87RJIEZ82Q9IGim7FqM5OsebfoFC6ZHXgDq/KvniuLTPdeM8wY2o6Dj3WQ7KeQCj3cA=="
    }
  }
}
